{
    "_readme": [
        "This file locks the dependencies of your project to a known state",
        "Read more about it at https://getcomposer.org/doc/01-basic-usage.md#composer-lock-the-lock-file",
        "This file is @generated automatically"
    ],
    "hash": "a42e34d88cd1aa257118a433ec8a8b35",
    "content-hash": "04d5b807498d98d5a04fc2ed81c4e82b",
    "packages": [
        {
            "name": "zurb/foundation",
            "version": "v6.2.4",
            "source": {
                "type": "git",
                "url": "https://github.com/zurb/foundation-sites.git",
                "reference": "ab172838d6de406204956015c9fd393c5a526e0e"
            },
            "dist": {
                "type": "zip",
                "url": "https://api.github.com/repos/zurb/foundation-sites/zipball/ab172838d6de406204956015c9fd393c5a526e0e",
                "reference": "ab172838d6de406204956015c9fd393c5a526e0e",
                "shasum": ""
            },
            "type": "library",
            "notification-url": "https://packagist.org/downloads/",
            "license": [
                "MIT"
            ],
            "authors": [
                {
                    "name": "ZURB, Inc.",
                    "email": "foundation@zurb.com",
                    "homepage": "http://zurb.com"
                }
            ],
            "description": "The most advanced responsive front-end framework in the world.",
            "homepage": "http://foundation.zurb.com",
            "keywords": [
                "JS",
                "css",
                "framework",
                "mobile-first",
                "responsive",
                "sass",
                "scss"
            ],
            "time": "2016-10-20 23:58:07"
        }
    ],
    "packages-dev": [],
    "aliases": [],
    "minimum-stability": "stable",
    "stability-flags": [],
    "prefer-stable": false,
    "prefer-lowest": false,
    "platform": [],
    "platform-dev": []
}
